
Microsoft Visual Studio Solution File, Format Version 12.00
# Visual Studio Version 16
VisualStudioVersion = 16.0.32106.194
MinimumVisualStudioVersion = 10.0.40219.1
Project("{FAE04EC0-301F-11D3-BF4B-00C04F79EFBC}") = "OnlineStudentManagementSystem", "OnlineStudentManagementSystem\OnlineStudentManagementSystem.csproj", "{3344C06C-0F4B-41CB-8708-F8DC24E7DACD}"
EndProject
Global
	GlobalSection(SolutionConfigurationPlatforms) = preSolution
		Debug|Any CPU = Debug|Any CPU
		Release|Any CPU = Release|Any CPU
	EndGlobalSection
	GlobalSection(ProjectConfigurationPlatforms) = postSolution
		{3344C06C-0F4B-41CB-8708-F8DC24E7DACD}.Debug|Any CPU.ActiveCfg = Debug|Any CPU
		{3344C06C-0F4B-41CB-8708-F8DC24E7DACD}.Debug|Any CPU.Build.0 = Debug|Any CPU
		{3344C06C-0F4B-41CB-8708-F8DC24E7DACD}.Release|Any CPU.ActiveCfg = Release|Any CPU
		{3344C06C-0F4B-41CB-8708-F8DC24E7DACD}.Release|Any CPU.Build.0 = Release|Any CPU
	EndGlobalSection
	GlobalSection(SolutionProperties) = preSolution
		HideSolutionNode = FALSE
	EndGlobalSection
	GlobalSection(ExtensibilityGlobals) = postSolution
		SolutionGuid = {C995804B-A482-4D9C-BB0B-674D32AE8D5C}
	EndGlobalSection
EndGlobal
